
Microsoft Visual Studio Solution File, Format Version 12.00
# Visual Studio Version 17
VisualStudioVersion = 17.8.34408.163
MinimumVisualStudioVersion = 10.0.40219.1
Project("{FAE04EC0-301F-11D3-BF4B-00C04F79EFBC}") = "HttpDersPractic", "HttpDersPractic\HttpDersPractic.csproj", "{397C2B90-EB41-409A-AA68-D794B9578A62}"
EndProject
Global
	GlobalSection(SolutionConfigurationPlatforms) = preSolution
		Debug|Any CPU = Debug|Any CPU
		Release|Any CPU = Release|Any CPU
	EndGlobalSection
	GlobalSection(ProjectConfigurationPlatforms) = postSolution
		{397C2B90-EB41-409A-AA68-D794B9578A62}.Debug|Any CPU.ActiveCfg = Debug|Any CPU
		{397C2B90-EB41-409A-AA68-D794B9578A62}.Debug|Any CPU.Build.0 = Debug|Any CPU
		{397C2B90-EB41-409A-AA68-D794B9578A62}.Release|Any CPU.ActiveCfg = Release|Any CPU
		{397C2B90-EB41-409A-AA68-D794B9578A62}.Release|Any CPU.Build.0 = Release|Any CPU
	EndGlobalSection
	GlobalSection(SolutionProperties) = preSolution
		HideSolutionNode = FALSE
	EndGlobalSection
	GlobalSection(ExtensibilityGlobals) = postSolution
		SolutionGuid = {4CABE820-3662-4335-9D7D-EDF4E60CE10E}
	EndGlobalSection
EndGlobal
